<?xml version="1.0" encoding="utf-8"?>
<Project ToolsVersion="4.0" xmlns="http://schemas.microsoft.com/developer/msbuild/2003">
  <ItemGroup>
    <Filter Include="Source Files">
      <UniqueIdentifier>{4FC737F1-C7A5-4376-A066-2A32D752A2FF}</UniqueIdentifier>
      <Extensions>cpp;cxx;c;def</Extensions>
    </Filter>
    <Filter Include="Header Files">
      <UniqueIdentifier>{93995380-89BD-4b04-88EB-625FBE52EBFB}</UniqueIdentifier>
      <Extensions>h</Extensions>
    </Filter>
    <Filter Include="Resource Files">
      <UniqueIdentifier>{D9D6E242-F8AF-46E4-B9FD-80ECBC20BA3E}</UniqueIdentifier>
      <Extensions>qrc;*</Extensions>
      <ParseFiles>false</ParseFiles>
    </Filter>
  </ItemGroup>
  <ItemGroup>
    <ClCompile Include="main.cpp">
      <Filter>Source Files</Filter>
    </ClCompile>
    <ClCompile Include="QKalmanFilter.cpp">
      <Filter>Source Files</Filter>
    </ClCompile>
    <ClCompile Include="QReadAnt.cpp">
      <Filter>Source Files</Filter>
    </ClCompile>
    <ClCompile Include="QReadClk.cpp">
      <Filter>Source Files</Filter>
    </ClCompile>
    <ClCompile Include="QReadSP3.cpp">
      <Filter>Source Files</Filter>
    </ClCompile>
    <ClCompile Include="QTideEffect.cpp">
      <Filter>Source Files</Filter>
    </ClCompile>
    <ClCompile Include="QTropDelay.cpp">
      <Filter>Source Files</Filter>
    </ClCompile>
    <ClCompile Include="QWindUp.cpp">
      <Filter>Source Files</Filter>
    </ClCompile>
    <ClCompile Include="QWrite2File.cpp">
      <Filter>Source Files</Filter>
    </ClCompile>
    <ClCompile Include="QReadOFile.cpp">
      <Filter>Source Files</Filter>
    </ClCompile>
    <ClCompile Include="QBaseObject.cpp">
      <Filter>Source Files</Filter>
    </ClCompile>
    <ClCompile Include="QNewFunLib.cpp">
      <Filter>Source Files</Filter>
    </ClCompile>
    <ClCompile Include="QReadGPSN.cpp">
      <Filter>Source Files</Filter>
    </ClCompile>
    <ClCompile Include="QPPPModel.cpp">
      <Filter>Source Files</Filter>
    </ClCompile>
    <ClCompile Include="QCmpGPST.cpp">
      <Filter>Source Files</Filter>
    </ClCompile>
  </ItemGroup>
  <ItemGroup>
    <ClInclude Include="QKalmanFilter.h">
      <Filter>Header Files</Filter>
    </ClInclude>
    <ClInclude Include="QReadAnt.h">
      <Filter>Header Files</Filter>
    </ClInclude>
    <ClInclude Include="QReadClk.h">
      <Filter>Header Files</Filter>
    </ClInclude>
    <ClInclude Include="QReadSP3.h">
      <Filter>Header Files</Filter>
    </ClInclude>
    <ClInclude Include="QTideEffect.h">
      <Filter>Header Files</Filter>
    </ClInclude>
    <ClInclude Include="QTropDelay.h">
      <Filter>Header Files</Filter>
    </ClInclude>
    <ClInclude Include="QWindUp.h">
      <Filter>Header Files</Filter>
    </ClInclude>
    <ClInclude Include="QWrite2File.h">
      <Filter>Header Files</Filter>
    </ClInclude>
    <ClInclude Include="QReadOFile.h">
      <Filter>Header Files</Filter>
    </ClInclude>
    <ClInclude Include="QBaseObject.h">
      <Filter>Header Files</Filter>
    </ClInclude>
    <ClInclude Include="QNewFunLib.h">
      <Filter>Header Files</Filter>
    </ClInclude>
    <ClInclude Include="QReadGPSN.h">
      <Filter>Header Files</Filter>
    </ClInclude>
    <ClInclude Include="QPPPModel.h">
      <Filter>Header Files</Filter>
    </ClInclude>
    <ClInclude Include="QCmpGPST.h">
      <Filter>Header Files</Filter>
    </ClInclude>
    <ClInclude Include="QGlobalDef.h">
      <Filter>Header Files</Filter>
    </ClInclude>
  </ItemGroup>
</Project>